
Microsoft Visual Studio Solution File, Format Version 12.00
# Visual Studio Version 16
VisualStudioVersion = 16.0.29001.49
MinimumVisualStudioVersion = 10.0.40219.1
Project("{9A19103F-16F7-4668-BE54-9A1E7A4F7556}") = "DotNetStandard.Infrastructure", "DotNetStandard.Infrastructure\DotNetStandard.Infrastructure.csproj", "{27A15FB7-F1D5-4F8B-AB5F-7B1B36BDBAAA}"
EndProject
Project("{FAE04EC0-301F-11D3-BF4B-00C04F79EFBC}") = "DotNetFramework.Infrastructure", "DotNetFramework.Infrastructure\DotNetFramework.Infrastructure.csproj", "{D4B5F103-0184-44E5-B869-B44F2E147C77}"
EndProject
Project("{FAE04EC0-301F-11D3-BF4B-00C04F79EFBC}") = "DotNetStandard.ServiceLayer", "DotNetStandard.ServiceLayer\DotNetStandard.ServiceLayer.csproj", "{8738A2F2-B658-4995-83D1-A86C9125D7E2}"
EndProject
Global
	GlobalSection(SolutionConfigurationPlatforms) = preSolution
		Debug|Any CPU = Debug|Any CPU
		Release|Any CPU = Release|Any CPU
	EndGlobalSection
	GlobalSection(ProjectConfigurationPlatforms) = postSolution
		{27A15FB7-F1D5-4F8B-AB5F-7B1B36BDBAAA}.Debug|Any CPU.ActiveCfg = Debug|Any CPU
		{27A15FB7-F1D5-4F8B-AB5F-7B1B36BDBAAA}.Debug|Any CPU.Build.0 = Debug|Any CPU
		{27A15FB7-F1D5-4F8B-AB5F-7B1B36BDBAAA}.Release|Any CPU.ActiveCfg = Release|Any CPU
		{27A15FB7-F1D5-4F8B-AB5F-7B1B36BDBAAA}.Release|Any CPU.Build.0 = Release|Any CPU
		{D4B5F103-0184-44E5-B869-B44F2E147C77}.Debug|Any CPU.ActiveCfg = Debug|Any CPU
		{D4B5F103-0184-44E5-B869-B44F2E147C77}.Debug|Any CPU.Build.0 = Debug|Any CPU
		{D4B5F103-0184-44E5-B869-B44F2E147C77}.Release|Any CPU.ActiveCfg = Release|Any CPU
		{D4B5F103-0184-44E5-B869-B44F2E147C77}.Release|Any CPU.Build.0 = Release|Any CPU
		{8738A2F2-B658-4995-83D1-A86C9125D7E2}.Debug|Any CPU.ActiveCfg = Debug|Any CPU
		{8738A2F2-B658-4995-83D1-A86C9125D7E2}.Debug|Any CPU.Build.0 = Debug|Any CPU
		{8738A2F2-B658-4995-83D1-A86C9125D7E2}.Release|Any CPU.ActiveCfg = Release|Any CPU
		{8738A2F2-B658-4995-83D1-A86C9125D7E2}.Release|Any CPU.Build.0 = Release|Any CPU
	EndGlobalSection
	GlobalSection(SolutionProperties) = preSolution
		HideSolutionNode = FALSE
	EndGlobalSection
	GlobalSection(ExtensibilityGlobals) = postSolution
		SolutionGuid = {DF0E813C-10E8-403E-A37D-4D21BC2131FC}
	EndGlobalSection
EndGlobal
